
Microsoft Visual Studio Solution File, Format Version 12.00
# Visual Studio 2012
Project("{FAE04EC0-301F-11D3-BF4B-00C04F79EFBC}") = "FiddlerTestRunnerConsole", "FiddlerTestRunnerConsole\FiddlerTestRunnerConsole.csproj", "{A972FE92-BF51-42F7-902D-D863C1B580A2}"
EndProject
Project("{2150E333-8FDC-42A3-9474-1A3956D46DE8}") = "Examples", "Examples", "{7CAA29F8-9F9F-4DED-8414-746A8B7B24BB}"
EndProject
Project("{FAE04EC0-301F-11D3-BF4B-00C04F79EFBC}") = "Demo", "..\examples\FiddlerCore\SampleApp\Demo.csproj", "{B4436616-28A2-4B98-9C39-3DA4AC95537E}"
EndProject
Project("{2150E333-8FDC-42A3-9474-1A3956D46DE8}") = ".nuget", ".nuget", "{B195BA67-96C8-479F-9985-0DCFC01248A9}"
	ProjectSection(SolutionItems) = preProject
		.nuget\NuGet.Config = .nuget\NuGet.Config
		.nuget\NuGet.exe = .nuget\NuGet.exe
		.nuget\NuGet.targets = .nuget\NuGet.targets
	EndProjectSection
EndProject
Project("{FAE04EC0-301F-11D3-BF4B-00C04F79EFBC}") = "Star.FiddlerRunner.Common", "Star.FiddlerRunner.Common\Star.FiddlerRunner.Common.csproj", "{E1AAEC7D-2990-4A98-B8A8-F88A06D9A122}"
EndProject
Project("{FAE04EC0-301F-11D3-BF4B-00C04F79EFBC}") = "Star.FiddlerRunner.AdminWeb", "Star.FiddlerRunner.AdminWeb\Star.FiddlerRunner.AdminWeb.csproj", "{924581C7-260E-4FCE-B275-0B52FCC35A65}"
EndProject
Project("{FAE04EC0-301F-11D3-BF4B-00C04F79EFBC}") = "Star.FiddlerRunner.AdminWeb.Tests", "Star.FiddlerRunner.AdminWeb.Tests\Star.FiddlerRunner.AdminWeb.Tests.csproj", "{A998D0F1-180F-4A43-BF2F-899027A06F61}"
EndProject
Project("{FAE04EC0-301F-11D3-BF4B-00C04F79EFBC}") = "FiddlerRunnerGUI", "FiddlerRunnerGUI\FiddlerRunnerGUI.csproj", "{D77F4419-D5AB-422C-9E0B-467C99724962}"
EndProject
Global
	GlobalSection(SolutionConfigurationPlatforms) = preSolution
		Debug|Any CPU = Debug|Any CPU
		Release|Any CPU = Release|Any CPU
		Release-Plus|Any CPU = Release-Plus|Any CPU
	EndGlobalSection
	GlobalSection(ProjectConfigurationPlatforms) = postSolution
		{A972FE92-BF51-42F7-902D-D863C1B580A2}.Debug|Any CPU.ActiveCfg = Debug|Any CPU
		{A972FE92-BF51-42F7-902D-D863C1B580A2}.Debug|Any CPU.Build.0 = Debug|Any CPU
		{A972FE92-BF51-42F7-902D-D863C1B580A2}.Release|Any CPU.ActiveCfg = Release|Any CPU
		{A972FE92-BF51-42F7-902D-D863C1B580A2}.Release|Any CPU.Build.0 = Release|Any CPU
		{A972FE92-BF51-42F7-902D-D863C1B580A2}.Release-Plus|Any CPU.ActiveCfg = Release|Any CPU
		{A972FE92-BF51-42F7-902D-D863C1B580A2}.Release-Plus|Any CPU.Build.0 = Release|Any CPU
		{B4436616-28A2-4B98-9C39-3DA4AC95537E}.Debug|Any CPU.ActiveCfg = Debug|Any CPU
		{B4436616-28A2-4B98-9C39-3DA4AC95537E}.Debug|Any CPU.Build.0 = Debug|Any CPU
		{B4436616-28A2-4B98-9C39-3DA4AC95537E}.Release|Any CPU.ActiveCfg = Release|Any CPU
		{B4436616-28A2-4B98-9C39-3DA4AC95537E}.Release|Any CPU.Build.0 = Release|Any CPU
		{B4436616-28A2-4B98-9C39-3DA4AC95537E}.Release-Plus|Any CPU.ActiveCfg = Release-Plus|Any CPU
		{B4436616-28A2-4B98-9C39-3DA4AC95537E}.Release-Plus|Any CPU.Build.0 = Release-Plus|Any CPU
		{E1AAEC7D-2990-4A98-B8A8-F88A06D9A122}.Debug|Any CPU.ActiveCfg = Debug|Any CPU
		{E1AAEC7D-2990-4A98-B8A8-F88A06D9A122}.Debug|Any CPU.Build.0 = Debug|Any CPU
		{E1AAEC7D-2990-4A98-B8A8-F88A06D9A122}.Release|Any CPU.ActiveCfg = Release|Any CPU
		{E1AAEC7D-2990-4A98-B8A8-F88A06D9A122}.Release|Any CPU.Build.0 = Release|Any CPU
		{E1AAEC7D-2990-4A98-B8A8-F88A06D9A122}.Release-Plus|Any CPU.ActiveCfg = Release|Any CPU
		{E1AAEC7D-2990-4A98-B8A8-F88A06D9A122}.Release-Plus|Any CPU.Build.0 = Release|Any CPU
		{924581C7-260E-4FCE-B275-0B52FCC35A65}.Debug|Any CPU.ActiveCfg = Debug|Any CPU
		{924581C7-260E-4FCE-B275-0B52FCC35A65}.Debug|Any CPU.Build.0 = Debug|Any CPU
		{924581C7-260E-4FCE-B275-0B52FCC35A65}.Release|Any CPU.ActiveCfg = Release|Any CPU
		{924581C7-260E-4FCE-B275-0B52FCC35A65}.Release|Any CPU.Build.0 = Release|Any CPU
		{924581C7-260E-4FCE-B275-0B52FCC35A65}.Release-Plus|Any CPU.ActiveCfg = Release|Any CPU
		{924581C7-260E-4FCE-B275-0B52FCC35A65}.Release-Plus|Any CPU.Build.0 = Release|Any CPU
		{A998D0F1-180F-4A43-BF2F-899027A06F61}.Debug|Any CPU.ActiveCfg = Debug|Any CPU
		{A998D0F1-180F-4A43-BF2F-899027A06F61}.Debug|Any CPU.Build.0 = Debug|Any CPU
		{A998D0F1-180F-4A43-BF2F-899027A06F61}.Release|Any CPU.ActiveCfg = Release|Any CPU
		{A998D0F1-180F-4A43-BF2F-899027A06F61}.Release|Any CPU.Build.0 = Release|Any CPU
		{A998D0F1-180F-4A43-BF2F-899027A06F61}.Release-Plus|Any CPU.ActiveCfg = Release|Any CPU
		{A998D0F1-180F-4A43-BF2F-899027A06F61}.Release-Plus|Any CPU.Build.0 = Release|Any CPU
		{D77F4419-D5AB-422C-9E0B-467C99724962}.Debug|Any CPU.ActiveCfg = Debug|Any CPU
		{D77F4419-D5AB-422C-9E0B-467C99724962}.Debug|Any CPU.Build.0 = Debug|Any CPU
		{D77F4419-D5AB-422C-9E0B-467C99724962}.Release|Any CPU.ActiveCfg = Release|Any CPU
		{D77F4419-D5AB-422C-9E0B-467C99724962}.Release|Any CPU.Build.0 = Release|Any CPU
		{D77F4419-D5AB-422C-9E0B-467C99724962}.Release-Plus|Any CPU.ActiveCfg = Release|Any CPU
		{D77F4419-D5AB-422C-9E0B-467C99724962}.Release-Plus|Any CPU.Build.0 = Release|Any CPU
	EndGlobalSection
	GlobalSection(SolutionProperties) = preSolution
		HideSolutionNode = FALSE
	EndGlobalSection
	GlobalSection(NestedProjects) = preSolution
		{B4436616-28A2-4B98-9C39-3DA4AC95537E} = {7CAA29F8-9F9F-4DED-8414-746A8B7B24BB}
	EndGlobalSection
EndGlobal
